
Microsoft Visual Studio Solution File, Format Version 12.00
# Visual Studio Version 17
VisualStudioVersion = 17.8.34525.116
MinimumVisualStudioVersion = 10.0.40219.1
Project("{FAE04EC0-301F-11D3-BF4B-00C04F79EFBC}") = "NetworkUtility", "NetworkUtility.csproj", "{08400F9E-083B-4ED1-8D25-8CA41973A711}"
EndProject
Project("{FAE04EC0-301F-11D3-BF4B-00C04F79EFBC}") = "NetworkUtility.Tests", "..\NetworkUtility.Tests\NetworkUtility.Tests.csproj", "{D39315DD-02B8-497C-8DA2-C53AC28ABECF}"
EndProject
Global
	GlobalSection(SolutionConfigurationPlatforms) = preSolution
		Debug|Any CPU = Debug|Any CPU
		Release|Any CPU = Release|Any CPU
	EndGlobalSection
	GlobalSection(ProjectConfigurationPlatforms) = postSolution
		{08400F9E-083B-4ED1-8D25-8CA41973A711}.Debug|Any CPU.ActiveCfg = Debug|Any CPU
		{08400F9E-083B-4ED1-8D25-8CA41973A711}.Debug|Any CPU.Build.0 = Debug|Any CPU
		{08400F9E-083B-4ED1-8D25-8CA41973A711}.Release|Any CPU.ActiveCfg = Release|Any CPU
		{08400F9E-083B-4ED1-8D25-8CA41973A711}.Release|Any CPU.Build.0 = Release|Any CPU
		{D39315DD-02B8-497C-8DA2-C53AC28ABECF}.Debug|Any CPU.ActiveCfg = Debug|Any CPU
		{D39315DD-02B8-497C-8DA2-C53AC28ABECF}.Debug|Any CPU.Build.0 = Debug|Any CPU
		{D39315DD-02B8-497C-8DA2-C53AC28ABECF}.Release|Any CPU.ActiveCfg = Release|Any CPU
		{D39315DD-02B8-497C-8DA2-C53AC28ABECF}.Release|Any CPU.Build.0 = Release|Any CPU
	EndGlobalSection
	GlobalSection(SolutionProperties) = preSolution
		HideSolutionNode = FALSE
	EndGlobalSection
	GlobalSection(ExtensibilityGlobals) = postSolution
		SolutionGuid = {53346EDB-5FFD-437C-8B09-BD619D5AFE2F}
	EndGlobalSection
EndGlobal
